
Microsoft Visual Studio Solution File, Format Version 12.00
# Visual Studio Version 17
VisualStudioVersion = 17.10.35013.160
MinimumVisualStudioVersion = 10.0.40219.1
Project("{FAE04EC0-301F-11D3-BF4B-00C04F79EFBC}") = "Ex01", "Ex01\Ex01.csproj", "{7F92B8ED-B275-4E18-8D98-5668FC007D27}"
EndProject
Project("{FAE04EC0-301F-11D3-BF4B-00C04F79EFBC}") = "Ex02", "Ex02\Ex02.csproj", "{69043835-3155-4957-9C41-0E09A2CAA938}"
EndProject
Global
	GlobalSection(SolutionConfigurationPlatforms) = preSolution
		Debug|Any CPU = Debug|Any CPU
		Release|Any CPU = Release|Any CPU
	EndGlobalSection
	GlobalSection(ProjectConfigurationPlatforms) = postSolution
		{7F92B8ED-B275-4E18-8D98-5668FC007D27}.Debug|Any CPU.ActiveCfg = Debug|Any CPU
		{7F92B8ED-B275-4E18-8D98-5668FC007D27}.Debug|Any CPU.Build.0 = Debug|Any CPU
		{7F92B8ED-B275-4E18-8D98-5668FC007D27}.Release|Any CPU.ActiveCfg = Release|Any CPU
		{7F92B8ED-B275-4E18-8D98-5668FC007D27}.Release|Any CPU.Build.0 = Release|Any CPU
		{69043835-3155-4957-9C41-0E09A2CAA938}.Debug|Any CPU.ActiveCfg = Debug|Any CPU
		{69043835-3155-4957-9C41-0E09A2CAA938}.Debug|Any CPU.Build.0 = Debug|Any CPU
		{69043835-3155-4957-9C41-0E09A2CAA938}.Release|Any CPU.ActiveCfg = Release|Any CPU
		{69043835-3155-4957-9C41-0E09A2CAA938}.Release|Any CPU.Build.0 = Release|Any CPU
	EndGlobalSection
	GlobalSection(SolutionProperties) = preSolution
		HideSolutionNode = FALSE
	EndGlobalSection
	GlobalSection(ExtensibilityGlobals) = postSolution
		SolutionGuid = {A27BDD13-85B3-4F9D-B040-8F760B97010A}
	EndGlobalSection
EndGlobal
