
Microsoft Visual Studio Solution File, Format Version 12.00
# Visual Studio Version 17
VisualStudioVersion = 17.0.31903.59
MinimumVisualStudioVersion = 10.0.40219.1
Project("{9A19103F-16F7-4668-BE54-9A1E7A4F7556}") = "Exemplos", "Exemplos\Exemplos.csproj", "{6E5F76F0-79FB-4681-B242-4AF9B8606793}"
EndProject
Project("{9A19103F-16F7-4668-BE54-9A1E7A4F7556}") = "Exemplo01-HelloWorldEVariaveis", "Exemplo01-HelloWorldEVariaveis\Exemplo01-HelloWorldEVariaveis.csproj", "{50209968-C73A-4E29-93B7-4F4044352D9C}"
EndProject
Project("{9A19103F-16F7-4668-BE54-9A1E7A4F7556}") = "Exemplo02-ConversaoDeTipos", "Exemplo02-ConversaoDeTipos\Exemplo02-ConversaoDeTipos.csproj", "{F34B86C3-EC24-438C-84C6-7A8AEB8E3EFE}"
EndProject
Project("{9A19103F-16F7-4668-BE54-9A1E7A4F7556}") = "Exemplo03-FormatacaoString", "Exemplo03-FormatacaoString\Exemplo03-FormatacaoString.csproj", "{E53F678C-C1E7-4C93-B41F-0A10C3BDA804}"
EndProject
Project("{9A19103F-16F7-4668-BE54-9A1E7A4F7556}") = "Exemplo04-EntradaESaidaTexto", "Exemplo04-EntradaESaidaTexto\Exemplo04-EntradaESaidaTexto.csproj", "{B910512E-F5EE-41A9-8289-CABD888F8A48}"
EndProject
Project("{9A19103F-16F7-4668-BE54-9A1E7A4F7556}") = "Exemplo05-IfElse", "Exemplo05-IfElse\Exemplo05-IfElse.csproj", "{B80C4698-311C-4B07-9E9C-0CD4BA67882F}"
EndProject
Project("{9A19103F-16F7-4668-BE54-9A1E7A4F7556}") = "Exemplo06-IfTernario", "Exemplo06-IfTernario\Exemplo06-IfTernario.csproj", "{7FA5B421-4F3D-40B8-B3C4-3E35CB286156}"
EndProject
Project("{9A19103F-16F7-4668-BE54-9A1E7A4F7556}") = "Exemplo07-Array", "Exemplo07-Array\Exemplo07-Array.csproj", "{0364FE4C-40FC-4EE7-8AB2-706145E7912B}"
EndProject
Project("{9A19103F-16F7-4668-BE54-9A1E7A4F7556}") = "Exemplo08-ArrayTamanhoDinamico", "Exemplo08-ArrayTamanhoDinamico\Exemplo08-ArrayTamanhoDinamico.csproj", "{CA75CEB0-F9D7-45B0-84F4-C5E7FFCFD48E}"
EndProject
Project("{9A19103F-16F7-4668-BE54-9A1E7A4F7556}") = "Exemplo09-While", "Exemplo09-While\Exemplo09-While.csproj", "{38D981E1-6EEC-479A-BEB1-D2E8AB481126}"
EndProject
Project("{9A19103F-16F7-4668-BE54-9A1E7A4F7556}") = "Exemplo10-DoWhile", "Exemplo10-DoWhile\Exemplo10-DoWhile.csproj", "{CCA58ECE-94A4-4808-8AAF-15720F0C59C9}"
EndProject
Project("{9A19103F-16F7-4668-BE54-9A1E7A4F7556}") = "Exemplo11-For", "Exemplo11-For\Exemplo11-For.csproj", "{8059F994-9C96-45C4-A090-E48B8311689D}"
EndProject
Project("{9A19103F-16F7-4668-BE54-9A1E7A4F7556}") = "Exemplo12-ForReverso", "Exemplo12-ForReverso\Exemplo12-ForReverso.csproj", "{EE506BCF-290F-45C6-9A77-7BD10E707096}"
EndProject
Project("{9A19103F-16F7-4668-BE54-9A1E7A4F7556}") = "Exemplo13-ForAtribuicao", "Exemplo13-ForAtribuicao\Exemplo13-ForAtribuicao.csproj", "{536B04A4-7B2B-4CF2-B0D8-78A2488E3A53}"
EndProject
Project("{9A19103F-16F7-4668-BE54-9A1E7A4F7556}") = "Exemplo14-ForEach", "Exemplo14-ForEach\Exemplo14-ForEach.csproj", "{AD54C816-A6E0-4E01-AF54-C71D8C86C1E3}"
EndProject
Project("{9A19103F-16F7-4668-BE54-9A1E7A4F7556}") = "Exemplo16-Random", "Exemplo16-Random\Exemplo16-Random.csproj", "{FB462982-510B-4FCA-A23E-43C3DB974135}"
EndProject
Project("{9A19103F-16F7-4668-BE54-9A1E7A4F7556}") = "Exemplo17-RandomFake", "Exemplo17-RandomFake\Exemplo17-RandomFake.csproj", "{A3D5A21D-7596-4099-BD0F-A84A133DD2FC}"
EndProject
Project("{9A19103F-16F7-4668-BE54-9A1E7A4F7556}") = "Exemplo18-01-OperacoesArray-IndexOf", "Exemplo18-01-OperacoesArray-IndexOf\Exemplo18-01-OperacoesArray-IndexOf.csproj", "{1024D405-168D-4D92-B5F8-04E7453D3A39}"
EndProject
Project("{9A19103F-16F7-4668-BE54-9A1E7A4F7556}") = "Exemplo18-02-OperacoesArray-Sort", "Exemplo18-02-OperacoesArray-Sort\Exemplo18-02-OperacoesArray-Sort.csproj", "{11DD5D37-4CEA-4540-94DD-EA87527D02E0}"
EndProject
Project("{9A19103F-16F7-4668-BE54-9A1E7A4F7556}") = "Exemplo18-03-OperacoesArray-Reverse", "Exemplo18-03-OperacoesArray-Reverse\Exemplo18-03-OperacoesArray-Reverse.csproj", "{A2D98748-2F54-4890-A580-1D89E67A2168}"
EndProject
Project("{9A19103F-16F7-4668-BE54-9A1E7A4F7556}") = "Exemplo18-04-OperacoesArray-Copy", "Exemplo18-04-OperacoesArray-Copy\Exemplo18-04-OperacoesArray-Copy.csproj", "{A9C2052D-D861-44F7-9756-D99F9DF8CC07}"
EndProject
Project("{9A19103F-16F7-4668-BE54-9A1E7A4F7556}") = "Exemplo18-05-OperacoesArray-Resize", "Exemplo18-05-OperacoesArray-Resize\Exemplo18-05-OperacoesArray-Resize.csproj", "{14BC24FB-D524-42B5-8E6B-E75C20779392}"
EndProject
Project("{9A19103F-16F7-4668-BE54-9A1E7A4F7556}") = "Exemplo18-06-OperacoesArray-Agregacao", "Exemplo18-06-OperacoesArray-Agregacao\Exemplo18-06-OperacoesArray-Agregacao.csproj", "{D34CECD6-523D-4223-BF9F-8BD6499948BC}"
EndProject
Project("{9A19103F-16F7-4668-BE54-9A1E7A4F7556}") = "Exemplo19-01-OperacoesString-StringBuilder", "Exemplo19-01-OperacoesString-StringBuilder\Exemplo19-01-OperacoesString-StringBuilder.csproj", "{201F2D6D-5D4D-401E-8CE6-ACBB7203A672}"
EndProject
Project("{FAE04EC0-301F-11D3-BF4B-00C04F79EFBC}") = "Exemplos20-Lista", "Exemplos20-Lista\Exemplos20-Lista.csproj", "{1CBCD053-2A28-499C-BD92-DCCA8B35F125}"
EndProject
Global
	GlobalSection(SolutionConfigurationPlatforms) = preSolution
		Debug|Any CPU = Debug|Any CPU
		Release|Any CPU = Release|Any CPU
	EndGlobalSection
	GlobalSection(ProjectConfigurationPlatforms) = postSolution
		{6E5F76F0-79FB-4681-B242-4AF9B8606793}.Debug|Any CPU.ActiveCfg = Debug|Any CPU
		{6E5F76F0-79FB-4681-B242-4AF9B8606793}.Debug|Any CPU.Build.0 = Debug|Any CPU
		{6E5F76F0-79FB-4681-B242-4AF9B8606793}.Release|Any CPU.ActiveCfg = Release|Any CPU
		{6E5F76F0-79FB-4681-B242-4AF9B8606793}.Release|Any CPU.Build.0 = Release|Any CPU
		{50209968-C73A-4E29-93B7-4F4044352D9C}.Debug|Any CPU.ActiveCfg = Debug|Any CPU
		{50209968-C73A-4E29-93B7-4F4044352D9C}.Debug|Any CPU.Build.0 = Debug|Any CPU
		{50209968-C73A-4E29-93B7-4F4044352D9C}.Release|Any CPU.ActiveCfg = Release|Any CPU
		{50209968-C73A-4E29-93B7-4F4044352D9C}.Release|Any CPU.Build.0 = Release|Any CPU
		{F34B86C3-EC24-438C-84C6-7A8AEB8E3EFE}.Debug|Any CPU.ActiveCfg = Debug|Any CPU
		{F34B86C3-EC24-438C-84C6-7A8AEB8E3EFE}.Debug|Any CPU.Build.0 = Debug|Any CPU
		{F34B86C3-EC24-438C-84C6-7A8AEB8E3EFE}.Release|Any CPU.ActiveCfg = Release|Any CPU
		{F34B86C3-EC24-438C-84C6-7A8AEB8E3EFE}.Release|Any CPU.Build.0 = Release|Any CPU
		{E53F678C-C1E7-4C93-B41F-0A10C3BDA804}.Debug|Any CPU.ActiveCfg = Debug|Any CPU
		{E53F678C-C1E7-4C93-B41F-0A10C3BDA804}.Debug|Any CPU.Build.0 = Debug|Any CPU
		{E53F678C-C1E7-4C93-B41F-0A10C3BDA804}.Release|Any CPU.ActiveCfg = Release|Any CPU
		{E53F678C-C1E7-4C93-B41F-0A10C3BDA804}.Release|Any CPU.Build.0 = Release|Any CPU
		{B910512E-F5EE-41A9-8289-CABD888F8A48}.Debug|Any CPU.ActiveCfg = Debug|Any CPU
		{B910512E-F5EE-41A9-8289-CABD888F8A48}.Debug|Any CPU.Build.0 = Debug|Any CPU
		{B910512E-F5EE-41A9-8289-CABD888F8A48}.Release|Any CPU.ActiveCfg = Release|Any CPU
		{B910512E-F5EE-41A9-8289-CABD888F8A48}.Release|Any CPU.Build.0 = Release|Any CPU
		{B80C4698-311C-4B07-9E9C-0CD4BA67882F}.Debug|Any CPU.ActiveCfg = Debug|Any CPU
		{B80C4698-311C-4B07-9E9C-0CD4BA67882F}.Debug|Any CPU.Build.0 = Debug|Any CPU
		{B80C4698-311C-4B07-9E9C-0CD4BA67882F}.Release|Any CPU.ActiveCfg = Release|Any CPU
		{B80C4698-311C-4B07-9E9C-0CD4BA67882F}.Release|Any CPU.Build.0 = Release|Any CPU
		{7FA5B421-4F3D-40B8-B3C4-3E35CB286156}.Debug|Any CPU.ActiveCfg = Debug|Any CPU
		{7FA5B421-4F3D-40B8-B3C4-3E35CB286156}.Debug|Any CPU.Build.0 = Debug|Any CPU
		{7FA5B421-4F3D-40B8-B3C4-3E35CB286156}.Release|Any CPU.ActiveCfg = Release|Any CPU
		{7FA5B421-4F3D-40B8-B3C4-3E35CB286156}.Release|Any CPU.Build.0 = Release|Any CPU
		{0364FE4C-40FC-4EE7-8AB2-706145E7912B}.Debug|Any CPU.ActiveCfg = Debug|Any CPU
		{0364FE4C-40FC-4EE7-8AB2-706145E7912B}.Debug|Any CPU.Build.0 = Debug|Any CPU
		{0364FE4C-40FC-4EE7-8AB2-706145E7912B}.Release|Any CPU.ActiveCfg = Release|Any CPU
		{0364FE4C-40FC-4EE7-8AB2-706145E7912B}.Release|Any CPU.Build.0 = Release|Any CPU
		{CA75CEB0-F9D7-45B0-84F4-C5E7FFCFD48E}.Debug|Any CPU.ActiveCfg = Debug|Any CPU
		{CA75CEB0-F9D7-45B0-84F4-C5E7FFCFD48E}.Debug|Any CPU.Build.0 = Debug|Any CPU
		{CA75CEB0-F9D7-45B0-84F4-C5E7FFCFD48E}.Release|Any CPU.ActiveCfg = Release|Any CPU
		{CA75CEB0-F9D7-45B0-84F4-C5E7FFCFD48E}.Release|Any CPU.Build.0 = Release|Any CPU
		{38D981E1-6EEC-479A-BEB1-D2E8AB481126}.Debug|Any CPU.ActiveCfg = Debug|Any CPU
		{38D981E1-6EEC-479A-BEB1-D2E8AB481126}.Debug|Any CPU.Build.0 = Debug|Any CPU
		{38D981E1-6EEC-479A-BEB1-D2E8AB481126}.Release|Any CPU.ActiveCfg = Release|Any CPU
		{38D981E1-6EEC-479A-BEB1-D2E8AB481126}.Release|Any CPU.Build.0 = Release|Any CPU
		{CCA58ECE-94A4-4808-8AAF-15720F0C59C9}.Debug|Any CPU.ActiveCfg = Debug|Any CPU
		{CCA58ECE-94A4-4808-8AAF-15720F0C59C9}.Debug|Any CPU.Build.0 = Debug|Any CPU
		{CCA58ECE-94A4-4808-8AAF-15720F0C59C9}.Release|Any CPU.ActiveCfg = Release|Any CPU
		{CCA58ECE-94A4-4808-8AAF-15720F0C59C9}.Release|Any CPU.Build.0 = Release|Any CPU
		{8059F994-9C96-45C4-A090-E48B8311689D}.Debug|Any CPU.ActiveCfg = Debug|Any CPU
		{8059F994-9C96-45C4-A090-E48B8311689D}.Debug|Any CPU.Build.0 = Debug|Any CPU
		{8059F994-9C96-45C4-A090-E48B8311689D}.Release|Any CPU.ActiveCfg = Release|Any CPU
		{8059F994-9C96-45C4-A090-E48B8311689D}.Release|Any CPU.Build.0 = Release|Any CPU
		{EE506BCF-290F-45C6-9A77-7BD10E707096}.Debug|Any CPU.ActiveCfg = Debug|Any CPU
		{EE506BCF-290F-45C6-9A77-7BD10E707096}.Debug|Any CPU.Build.0 = Debug|Any CPU
		{EE506BCF-290F-45C6-9A77-7BD10E707096}.Release|Any CPU.ActiveCfg = Release|Any CPU
		{EE506BCF-290F-45C6-9A77-7BD10E707096}.Release|Any CPU.Build.0 = Release|Any CPU
		{536B04A4-7B2B-4CF2-B0D8-78A2488E3A53}.Debug|Any CPU.ActiveCfg = Debug|Any CPU
		{536B04A4-7B2B-4CF2-B0D8-78A2488E3A53}.Debug|Any CPU.Build.0 = Debug|Any CPU
		{536B04A4-7B2B-4CF2-B0D8-78A2488E3A53}.Release|Any CPU.ActiveCfg = Release|Any CPU
		{536B04A4-7B2B-4CF2-B0D8-78A2488E3A53}.Release|Any CPU.Build.0 = Release|Any CPU
		{AD54C816-A6E0-4E01-AF54-C71D8C86C1E3}.Debug|Any CPU.ActiveCfg = Debug|Any CPU
		{AD54C816-A6E0-4E01-AF54-C71D8C86C1E3}.Debug|Any CPU.Build.0 = Debug|Any CPU
		{AD54C816-A6E0-4E01-AF54-C71D8C86C1E3}.Release|Any CPU.ActiveCfg = Release|Any CPU
		{AD54C816-A6E0-4E01-AF54-C71D8C86C1E3}.Release|Any CPU.Build.0 = Release|Any CPU
		{FB462982-510B-4FCA-A23E-43C3DB974135}.Debug|Any CPU.ActiveCfg = Debug|Any CPU
		{FB462982-510B-4FCA-A23E-43C3DB974135}.Debug|Any CPU.Build.0 = Debug|Any CPU
		{FB462982-510B-4FCA-A23E-43C3DB974135}.Release|Any CPU.ActiveCfg = Release|Any CPU
		{FB462982-510B-4FCA-A23E-43C3DB974135}.Release|Any CPU.Build.0 = Release|Any CPU
		{A3D5A21D-7596-4099-BD0F-A84A133DD2FC}.Debug|Any CPU.ActiveCfg = Debug|Any CPU
		{A3D5A21D-7596-4099-BD0F-A84A133DD2FC}.Debug|Any CPU.Build.0 = Debug|Any CPU
		{A3D5A21D-7596-4099-BD0F-A84A133DD2FC}.Release|Any CPU.ActiveCfg = Release|Any CPU
		{A3D5A21D-7596-4099-BD0F-A84A133DD2FC}.Release|Any CPU.Build.0 = Release|Any CPU
		{1024D405-168D-4D92-B5F8-04E7453D3A39}.Debug|Any CPU.ActiveCfg = Debug|Any CPU
		{1024D405-168D-4D92-B5F8-04E7453D3A39}.Debug|Any CPU.Build.0 = Debug|Any CPU
		{1024D405-168D-4D92-B5F8-04E7453D3A39}.Release|Any CPU.ActiveCfg = Release|Any CPU
		{1024D405-168D-4D92-B5F8-04E7453D3A39}.Release|Any CPU.Build.0 = Release|Any CPU
		{11DD5D37-4CEA-4540-94DD-EA87527D02E0}.Debug|Any CPU.ActiveCfg = Debug|Any CPU
		{11DD5D37-4CEA-4540-94DD-EA87527D02E0}.Debug|Any CPU.Build.0 = Debug|Any CPU
		{11DD5D37-4CEA-4540-94DD-EA87527D02E0}.Release|Any CPU.ActiveCfg = Release|Any CPU
		{11DD5D37-4CEA-4540-94DD-EA87527D02E0}.Release|Any CPU.Build.0 = Release|Any CPU
		{A2D98748-2F54-4890-A580-1D89E67A2168}.Debug|Any CPU.ActiveCfg = Debug|Any CPU
		{A2D98748-2F54-4890-A580-1D89E67A2168}.Debug|Any CPU.Build.0 = Debug|Any CPU
		{A2D98748-2F54-4890-A580-1D89E67A2168}.Release|Any CPU.ActiveCfg = Release|Any CPU
		{A2D98748-2F54-4890-A580-1D89E67A2168}.Release|Any CPU.Build.0 = Release|Any CPU
		{A9C2052D-D861-44F7-9756-D99F9DF8CC07}.Debug|Any CPU.ActiveCfg = Debug|Any CPU
		{A9C2052D-D861-44F7-9756-D99F9DF8CC07}.Debug|Any CPU.Build.0 = Debug|Any CPU
		{A9C2052D-D861-44F7-9756-D99F9DF8CC07}.Release|Any CPU.ActiveCfg = Release|Any CPU
		{A9C2052D-D861-44F7-9756-D99F9DF8CC07}.Release|Any CPU.Build.0 = Release|Any CPU
		{14BC24FB-D524-42B5-8E6B-E75C20779392}.Debug|Any CPU.ActiveCfg = Debug|Any CPU
		{14BC24FB-D524-42B5-8E6B-E75C20779392}.Debug|Any CPU.Build.0 = Debug|Any CPU
		{14BC24FB-D524-42B5-8E6B-E75C20779392}.Release|Any CPU.ActiveCfg = Release|Any CPU
		{14BC24FB-D524-42B5-8E6B-E75C20779392}.Release|Any CPU.Build.0 = Release|Any CPU
		{D34CECD6-523D-4223-BF9F-8BD6499948BC}.Debug|Any CPU.ActiveCfg = Debug|Any CPU
		{D34CECD6-523D-4223-BF9F-8BD6499948BC}.Debug|Any CPU.Build.0 = Debug|Any CPU
		{D34CECD6-523D-4223-BF9F-8BD6499948BC}.Release|Any CPU.ActiveCfg = Release|Any CPU
		{D34CECD6-523D-4223-BF9F-8BD6499948BC}.Release|Any CPU.Build.0 = Release|Any CPU
		{201F2D6D-5D4D-401E-8CE6-ACBB7203A672}.Debug|Any CPU.ActiveCfg = Debug|Any CPU
		{201F2D6D-5D4D-401E-8CE6-ACBB7203A672}.Debug|Any CPU.Build.0 = Debug|Any CPU
		{201F2D6D-5D4D-401E-8CE6-ACBB7203A672}.Release|Any CPU.ActiveCfg = Release|Any CPU
		{201F2D6D-5D4D-401E-8CE6-ACBB7203A672}.Release|Any CPU.Build.0 = Release|Any CPU
		{1CBCD053-2A28-499C-BD92-DCCA8B35F125}.Debug|Any CPU.ActiveCfg = Debug|Any CPU
		{1CBCD053-2A28-499C-BD92-DCCA8B35F125}.Debug|Any CPU.Build.0 = Debug|Any CPU
		{1CBCD053-2A28-499C-BD92-DCCA8B35F125}.Release|Any CPU.ActiveCfg = Release|Any CPU
		{1CBCD053-2A28-499C-BD92-DCCA8B35F125}.Release|Any CPU.Build.0 = Release|Any CPU
	EndGlobalSection
	GlobalSection(SolutionProperties) = preSolution
		HideSolutionNode = FALSE
	EndGlobalSection
	GlobalSection(ExtensibilityGlobals) = postSolution
		SolutionGuid = {E14CCF89-C053-4146-910C-8819154251F8}
	EndGlobalSection
EndGlobal
