
Microsoft Visual Studio Solution File, Format Version 12.00
# Visual Studio Version 17
VisualStudioVersion = 17.0.31903.59
MinimumVisualStudioVersion = 10.0.40219.1
Project("{9A19103F-16F7-4668-BE54-9A1E7A4F7556}") = "Exemplos", "Exemplos\Exemplos.csproj", "{6E5F76F0-79FB-4681-B242-4AF9B8606793}"
EndProject
Project("{9A19103F-16F7-4668-BE54-9A1E7A4F7556}") = "Exemplo01-HelloWorldEVariaveis", "Exemplo01-HelloWorldEVariaveis\Exemplo01-HelloWorldEVariaveis.csproj", "{50209968-C73A-4E29-93B7-4F4044352D9C}"
EndProject
Project("{9A19103F-16F7-4668-BE54-9A1E7A4F7556}") = "Exemplo02-ConversaoDeTipos", "Exemplo02-ConversaoDeTipos\Exemplo02-ConversaoDeTipos.csproj", "{F34B86C3-EC24-438C-84C6-7A8AEB8E3EFE}"
EndProject
Project("{9A19103F-16F7-4668-BE54-9A1E7A4F7556}") = "Exemplo03-FormatacaoString", "Exemplo03-FormatacaoString\Exemplo03-FormatacaoString.csproj", "{E53F678C-C1E7-4C93-B41F-0A10C3BDA804}"
EndProject
Project("{9A19103F-16F7-4668-BE54-9A1E7A4F7556}") = "Exemplo04-EntradaESaidaTexto", "Exemplo04-EntradaESaidaTexto\Exemplo04-EntradaESaidaTexto.csproj", "{B910512E-F5EE-41A9-8289-CABD888F8A48}"
EndProject
Project("{9A19103F-16F7-4668-BE54-9A1E7A4F7556}") = "Exemplo05-IfElse", "Exemplo05-IfElse\Exemplo05-IfElse.csproj", "{B80C4698-311C-4B07-9E9C-0CD4BA67882F}"
EndProject
Project("{9A19103F-16F7-4668-BE54-9A1E7A4F7556}") = "Exemplo06-IfTernario", "Exemplo06-IfTernario\Exemplo06-IfTernario.csproj", "{7FA5B421-4F3D-40B8-B3C4-3E35CB286156}"
EndProject
Project("{FAE04EC0-301F-11D3-BF4B-00C04F79EFBC}") = "Exemplo07-Array", "Exemplo07-Array\Exemplo07-Array.csproj", "{0364FE4C-40FC-4EE7-8AB2-706145E7912B}"
EndProject
Project("{FAE04EC0-301F-11D3-BF4B-00C04F79EFBC}") = "Exemplo08-ArrayTamanhoDinamico", "Exemplo08-ArrayTamanhoDinamico\Exemplo08-ArrayTamanhoDinamico.csproj", "{CA75CEB0-F9D7-45B0-84F4-C5E7FFCFD48E}"
EndProject
Global
	GlobalSection(SolutionConfigurationPlatforms) = preSolution
		Debug|Any CPU = Debug|Any CPU
		Release|Any CPU = Release|Any CPU
	EndGlobalSection
	GlobalSection(ProjectConfigurationPlatforms) = postSolution
		{6E5F76F0-79FB-4681-B242-4AF9B8606793}.Debug|Any CPU.ActiveCfg = Debug|Any CPU
		{6E5F76F0-79FB-4681-B242-4AF9B8606793}.Debug|Any CPU.Build.0 = Debug|Any CPU
		{6E5F76F0-79FB-4681-B242-4AF9B8606793}.Release|Any CPU.ActiveCfg = Release|Any CPU
		{6E5F76F0-79FB-4681-B242-4AF9B8606793}.Release|Any CPU.Build.0 = Release|Any CPU
		{50209968-C73A-4E29-93B7-4F4044352D9C}.Debug|Any CPU.ActiveCfg = Debug|Any CPU
		{50209968-C73A-4E29-93B7-4F4044352D9C}.Debug|Any CPU.Build.0 = Debug|Any CPU
		{50209968-C73A-4E29-93B7-4F4044352D9C}.Release|Any CPU.ActiveCfg = Release|Any CPU
		{50209968-C73A-4E29-93B7-4F4044352D9C}.Release|Any CPU.Build.0 = Release|Any CPU
		{F34B86C3-EC24-438C-84C6-7A8AEB8E3EFE}.Debug|Any CPU.ActiveCfg = Debug|Any CPU
		{F34B86C3-EC24-438C-84C6-7A8AEB8E3EFE}.Debug|Any CPU.Build.0 = Debug|Any CPU
		{F34B86C3-EC24-438C-84C6-7A8AEB8E3EFE}.Release|Any CPU.ActiveCfg = Release|Any CPU
		{F34B86C3-EC24-438C-84C6-7A8AEB8E3EFE}.Release|Any CPU.Build.0 = Release|Any CPU
		{E53F678C-C1E7-4C93-B41F-0A10C3BDA804}.Debug|Any CPU.ActiveCfg = Debug|Any CPU
		{E53F678C-C1E7-4C93-B41F-0A10C3BDA804}.Debug|Any CPU.Build.0 = Debug|Any CPU
		{E53F678C-C1E7-4C93-B41F-0A10C3BDA804}.Release|Any CPU.ActiveCfg = Release|Any CPU
		{E53F678C-C1E7-4C93-B41F-0A10C3BDA804}.Release|Any CPU.Build.0 = Release|Any CPU
		{B910512E-F5EE-41A9-8289-CABD888F8A48}.Debug|Any CPU.ActiveCfg = Debug|Any CPU
		{B910512E-F5EE-41A9-8289-CABD888F8A48}.Debug|Any CPU.Build.0 = Debug|Any CPU
		{B910512E-F5EE-41A9-8289-CABD888F8A48}.Release|Any CPU.ActiveCfg = Release|Any CPU
		{B910512E-F5EE-41A9-8289-CABD888F8A48}.Release|Any CPU.Build.0 = Release|Any CPU
		{B80C4698-311C-4B07-9E9C-0CD4BA67882F}.Debug|Any CPU.ActiveCfg = Debug|Any CPU
		{B80C4698-311C-4B07-9E9C-0CD4BA67882F}.Debug|Any CPU.Build.0 = Debug|Any CPU
		{B80C4698-311C-4B07-9E9C-0CD4BA67882F}.Release|Any CPU.ActiveCfg = Release|Any CPU
		{B80C4698-311C-4B07-9E9C-0CD4BA67882F}.Release|Any CPU.Build.0 = Release|Any CPU
		{7FA5B421-4F3D-40B8-B3C4-3E35CB286156}.Debug|Any CPU.ActiveCfg = Debug|Any CPU
		{7FA5B421-4F3D-40B8-B3C4-3E35CB286156}.Debug|Any CPU.Build.0 = Debug|Any CPU
		{7FA5B421-4F3D-40B8-B3C4-3E35CB286156}.Release|Any CPU.ActiveCfg = Release|Any CPU
		{7FA5B421-4F3D-40B8-B3C4-3E35CB286156}.Release|Any CPU.Build.0 = Release|Any CPU
		{0364FE4C-40FC-4EE7-8AB2-706145E7912B}.Debug|Any CPU.ActiveCfg = Debug|Any CPU
		{0364FE4C-40FC-4EE7-8AB2-706145E7912B}.Debug|Any CPU.Build.0 = Debug|Any CPU
		{0364FE4C-40FC-4EE7-8AB2-706145E7912B}.Release|Any CPU.ActiveCfg = Release|Any CPU
		{0364FE4C-40FC-4EE7-8AB2-706145E7912B}.Release|Any CPU.Build.0 = Release|Any CPU
		{CA75CEB0-F9D7-45B0-84F4-C5E7FFCFD48E}.Debug|Any CPU.ActiveCfg = Debug|Any CPU
		{CA75CEB0-F9D7-45B0-84F4-C5E7FFCFD48E}.Debug|Any CPU.Build.0 = Debug|Any CPU
		{CA75CEB0-F9D7-45B0-84F4-C5E7FFCFD48E}.Release|Any CPU.ActiveCfg = Release|Any CPU
		{CA75CEB0-F9D7-45B0-84F4-C5E7FFCFD48E}.Release|Any CPU.Build.0 = Release|Any CPU
	EndGlobalSection
	GlobalSection(SolutionProperties) = preSolution
		HideSolutionNode = FALSE
	EndGlobalSection
EndGlobal
